{
  "name": "othello-ai-demo",
  "lockfileVersion": 3,
  "requires": true,
  "packages": {
    "": {
      "dependencies": {
        "othello-danyo": "^1.0.3"
      }
    },
    "node_modules/othello-danyo": {
      "version": "1.0.3",
      "resolved": "https://registry.npmjs.org/othello-danyo/-/othello-danyo-1.0.3.tgz",
      "integrity": "sha512-7b7ozObIVOKlbiNfeNZQ1jcpSunH2dJXmLPTPwHTB3Th31XZuxfLn6bY+JBuCn53MNsjbjOA0RHJ/4C9anrWjg==",
      "license": "ISC"
    }
  }
}
